
Microsoft Visual Studio Solution File, Format Version 12.00
# Visual Studio 14
VisualStudioVersion = 14.0.25420.1
MinimumVisualStudioVersion = 10.0.40219.1
Project("{FAE04EC0-301F-11D3-BF4B-00C04F79EFBC}") = "Dangr.Async", "src\Dangr.Async\Dangr.Async.csproj", "{372D1F3E-E890-4FAE-981B-75E8C671DC58}"
EndProject
Project("{FAE04EC0-301F-11D3-BF4B-00C04F79EFBC}") = "Dangr.Command", "src\Dangr.Command\Dangr.Command.csproj", "{5FFCC11A-3387-466E-872C-8EAA6E31FA01}"
EndProject
Project("{FAE04EC0-301F-11D3-BF4B-00C04F79EFBC}") = "Dangr.Configuration", "src\Dangr.Configuration\Dangr.Configuration.csproj", "{71DDB9F9-9430-42BB-8661-81369796F71F}"
EndProject
Project("{FAE04EC0-301F-11D3-BF4B-00C04F79EFBC}") = "Dangr.Diagnostics", "src\Dangr.Diagnostics\Dangr.Diagnostics.csproj", "{EC89CA12-E5A4-4738-B0AD-BBB39CBD886D}"
EndProject
Project("{FAE04EC0-301F-11D3-BF4B-00C04F79EFBC}") = "Dangr.Entity", "src\Dangr.Entity\Dangr.Entity.csproj", "{EC435168-CCA0-4B43-9F33-FC450BF55962}"
EndProject
Project("{FAE04EC0-301F-11D3-BF4B-00C04F79EFBC}") = "Dangr.Event", "src\Dangr.Event\Dangr.Event.csproj", "{B4E2EBBC-35E4-418A-879E-15F333BA1C45}"
EndProject
Project("{FAE04EC0-301F-11D3-BF4B-00C04F79EFBC}") = "Dangr.Inject", "src\Dangr.Inject\Dangr.Inject.csproj", "{77BD8C58-58D5-491B-862A-67C6B09ACA54}"
EndProject
Project("{FAE04EC0-301F-11D3-BF4B-00C04F79EFBC}") = "Dangr.Log.Viewer", "src\Dangr.Log.Viewer\Dangr.Log.Viewer.csproj", "{56356371-DF6E-4F89-8D4C-D786834DD7F6}"
EndProject
Project("{FAE04EC0-301F-11D3-BF4B-00C04F79EFBC}") = "Dangr.Logging", "src\Dangr.Logging\Dangr.Logging.csproj", "{03B94D6D-8989-41AC-B90F-BEBD4129D65D}"
EndProject
Project("{FAE04EC0-301F-11D3-BF4B-00C04F79EFBC}") = "Dangr.Logging.Loggers", "src\Dangr.Logging.Loggers\Dangr.Logging.Loggers.csproj", "{BC835590-135A-4D60-9E01-82538FDA6390}"
EndProject
Project("{FAE04EC0-301F-11D3-BF4B-00C04F79EFBC}") = "Dangr.Logging.Wcf", "src\Dangr.Logging.Wcf\Dangr.Logging.Wcf.csproj", "{E3EE3BAC-B444-4798-877F-9D67470E3D61}"
EndProject
Project("{FAE04EC0-301F-11D3-BF4B-00C04F79EFBC}") = "Dangr.Math", "src\Dangr.Math\Dangr.Math.csproj", "{5CB06AB2-0287-47AF-BE50-155A6A351347}"
EndProject
Project("{FAE04EC0-301F-11D3-BF4B-00C04F79EFBC}") = "Dangr.ObjectPool", "src\Dangr.ObjectPool\Dangr.ObjectPool.csproj", "{9CF2F5DD-97F9-490D-A0E7-701A41A9E06F}"
EndProject
Project("{FAE04EC0-301F-11D3-BF4B-00C04F79EFBC}") = "Dangr.Registry", "src\Dangr.Registry\Dangr.Registry.csproj", "{04DBE29E-0A3B-4007-AB69-031B8855E1D1}"
EndProject
Project("{FAE04EC0-301F-11D3-BF4B-00C04F79EFBC}") = "Dangr.Test", "src\Dangr.Test\Dangr.Test.csproj", "{C4312EE9-6917-4A6C-869E-9F8BE26E8724}"
EndProject
Project("{FAE04EC0-301F-11D3-BF4B-00C04F79EFBC}") = "Dangr.Util", "src\Dangr.Util\Dangr.Util.csproj", "{272587F0-BD2B-48E5-A63F-252CA280B14F}"
EndProject
Project("{FAE04EC0-301F-11D3-BF4B-00C04F79EFBC}") = "Dangr.Simulation", "src\Dangr.Simulation\Dangr.Simulation.csproj", "{4F441674-8D10-434A-B0C7-E302FAB8A00D}"
EndProject
Project("{FAE04EC0-301F-11D3-BF4B-00C04F79EFBC}") = "Dangr.Logging.Interface", "src\Dangr.Logging.Interface\Dangr.Logging.Interface.csproj", "{2CE9C4FD-3BA6-4D74-8918-226DB5EEF544}"
EndProject
Global
	GlobalSection(SolutionConfigurationPlatforms) = preSolution
		Debug|Any CPU = Debug|Any CPU
		NugetDeploy|Any CPU = NugetDeploy|Any CPU
		Release|Any CPU = Release|Any CPU
	EndGlobalSection
	GlobalSection(ProjectConfigurationPlatforms) = postSolution
		{372D1F3E-E890-4FAE-981B-75E8C671DC58}.Debug|Any CPU.ActiveCfg = Debug|Any CPU
		{372D1F3E-E890-4FAE-981B-75E8C671DC58}.Debug|Any CPU.Build.0 = Debug|Any CPU
		{372D1F3E-E890-4FAE-981B-75E8C671DC58}.NugetDeploy|Any CPU.ActiveCfg = NugetDeploy|Any CPU
		{372D1F3E-E890-4FAE-981B-75E8C671DC58}.NugetDeploy|Any CPU.Build.0 = NugetDeploy|Any CPU
		{372D1F3E-E890-4FAE-981B-75E8C671DC58}.Release|Any CPU.ActiveCfg = Release|Any CPU
		{372D1F3E-E890-4FAE-981B-75E8C671DC58}.Release|Any CPU.Build.0 = Release|Any CPU
		{5FFCC11A-3387-466E-872C-8EAA6E31FA01}.Debug|Any CPU.ActiveCfg = Debug|Any CPU
		{5FFCC11A-3387-466E-872C-8EAA6E31FA01}.Debug|Any CPU.Build.0 = Debug|Any CPU
		{5FFCC11A-3387-466E-872C-8EAA6E31FA01}.NugetDeploy|Any CPU.ActiveCfg = NugetDeploy|Any CPU
		{5FFCC11A-3387-466E-872C-8EAA6E31FA01}.NugetDeploy|Any CPU.Build.0 = NugetDeploy|Any CPU
		{5FFCC11A-3387-466E-872C-8EAA6E31FA01}.Release|Any CPU.ActiveCfg = Release|Any CPU
		{5FFCC11A-3387-466E-872C-8EAA6E31FA01}.Release|Any CPU.Build.0 = Release|Any CPU
		{71DDB9F9-9430-42BB-8661-81369796F71F}.Debug|Any CPU.ActiveCfg = Debug|Any CPU
		{71DDB9F9-9430-42BB-8661-81369796F71F}.Debug|Any CPU.Build.0 = Debug|Any CPU
		{71DDB9F9-9430-42BB-8661-81369796F71F}.NugetDeploy|Any CPU.ActiveCfg = NugetDeploy|Any CPU
		{71DDB9F9-9430-42BB-8661-81369796F71F}.NugetDeploy|Any CPU.Build.0 = NugetDeploy|Any CPU
		{71DDB9F9-9430-42BB-8661-81369796F71F}.Release|Any CPU.ActiveCfg = Release|Any CPU
		{71DDB9F9-9430-42BB-8661-81369796F71F}.Release|Any CPU.Build.0 = Release|Any CPU
		{EC89CA12-E5A4-4738-B0AD-BBB39CBD886D}.Debug|Any CPU.ActiveCfg = Debug|Any CPU
		{EC89CA12-E5A4-4738-B0AD-BBB39CBD886D}.Debug|Any CPU.Build.0 = Debug|Any CPU
		{EC89CA12-E5A4-4738-B0AD-BBB39CBD886D}.NugetDeploy|Any CPU.ActiveCfg = NugetDeploy|Any CPU
		{EC89CA12-E5A4-4738-B0AD-BBB39CBD886D}.NugetDeploy|Any CPU.Build.0 = NugetDeploy|Any CPU
		{EC89CA12-E5A4-4738-B0AD-BBB39CBD886D}.Release|Any CPU.ActiveCfg = Release|Any CPU
		{EC89CA12-E5A4-4738-B0AD-BBB39CBD886D}.Release|Any CPU.Build.0 = Release|Any CPU
		{EC435168-CCA0-4B43-9F33-FC450BF55962}.Debug|Any CPU.ActiveCfg = Debug|Any CPU
		{EC435168-CCA0-4B43-9F33-FC450BF55962}.Debug|Any CPU.Build.0 = Debug|Any CPU
		{EC435168-CCA0-4B43-9F33-FC450BF55962}.NugetDeploy|Any CPU.ActiveCfg = NugetDeploy|Any CPU
		{EC435168-CCA0-4B43-9F33-FC450BF55962}.NugetDeploy|Any CPU.Build.0 = NugetDeploy|Any CPU
		{EC435168-CCA0-4B43-9F33-FC450BF55962}.Release|Any CPU.ActiveCfg = Release|Any CPU
		{EC435168-CCA0-4B43-9F33-FC450BF55962}.Release|Any CPU.Build.0 = Release|Any CPU
		{B4E2EBBC-35E4-418A-879E-15F333BA1C45}.Debug|Any CPU.ActiveCfg = Debug|Any CPU
		{B4E2EBBC-35E4-418A-879E-15F333BA1C45}.Debug|Any CPU.Build.0 = Debug|Any CPU
		{B4E2EBBC-35E4-418A-879E-15F333BA1C45}.NugetDeploy|Any CPU.ActiveCfg = NugetDeploy|Any CPU
		{B4E2EBBC-35E4-418A-879E-15F333BA1C45}.NugetDeploy|Any CPU.Build.0 = NugetDeploy|Any CPU
		{B4E2EBBC-35E4-418A-879E-15F333BA1C45}.Release|Any CPU.ActiveCfg = Release|Any CPU
		{B4E2EBBC-35E4-418A-879E-15F333BA1C45}.Release|Any CPU.Build.0 = Release|Any CPU
		{77BD8C58-58D5-491B-862A-67C6B09ACA54}.Debug|Any CPU.ActiveCfg = Debug|Any CPU
		{77BD8C58-58D5-491B-862A-67C6B09ACA54}.NugetDeploy|Any CPU.ActiveCfg = NugetDeploy|Any CPU
		{77BD8C58-58D5-491B-862A-67C6B09ACA54}.Release|Any CPU.ActiveCfg = Release|Any CPU
		{56356371-DF6E-4F89-8D4C-D786834DD7F6}.Debug|Any CPU.ActiveCfg = Debug|Any CPU
		{56356371-DF6E-4F89-8D4C-D786834DD7F6}.Debug|Any CPU.Build.0 = Debug|Any CPU
		{56356371-DF6E-4F89-8D4C-D786834DD7F6}.NugetDeploy|Any CPU.ActiveCfg = NugetDeploy|Any CPU
		{56356371-DF6E-4F89-8D4C-D786834DD7F6}.Release|Any CPU.ActiveCfg = Release|Any CPU
		{56356371-DF6E-4F89-8D4C-D786834DD7F6}.Release|Any CPU.Build.0 = Release|Any CPU
		{03B94D6D-8989-41AC-B90F-BEBD4129D65D}.Debug|Any CPU.ActiveCfg = Debug|Any CPU
		{03B94D6D-8989-41AC-B90F-BEBD4129D65D}.Debug|Any CPU.Build.0 = Debug|Any CPU
		{03B94D6D-8989-41AC-B90F-BEBD4129D65D}.NugetDeploy|Any CPU.ActiveCfg = NugetDeploy|Any CPU
		{03B94D6D-8989-41AC-B90F-BEBD4129D65D}.NugetDeploy|Any CPU.Build.0 = NugetDeploy|Any CPU
		{03B94D6D-8989-41AC-B90F-BEBD4129D65D}.Release|Any CPU.ActiveCfg = Release|Any CPU
		{03B94D6D-8989-41AC-B90F-BEBD4129D65D}.Release|Any CPU.Build.0 = Release|Any CPU
		{BC835590-135A-4D60-9E01-82538FDA6390}.Debug|Any CPU.ActiveCfg = Debug|Any CPU
		{BC835590-135A-4D60-9E01-82538FDA6390}.Debug|Any CPU.Build.0 = Debug|Any CPU
		{BC835590-135A-4D60-9E01-82538FDA6390}.NugetDeploy|Any CPU.ActiveCfg = NugetDeploy|Any CPU
		{BC835590-135A-4D60-9E01-82538FDA6390}.NugetDeploy|Any CPU.Build.0 = NugetDeploy|Any CPU
		{BC835590-135A-4D60-9E01-82538FDA6390}.Release|Any CPU.ActiveCfg = Release|Any CPU
		{BC835590-135A-4D60-9E01-82538FDA6390}.Release|Any CPU.Build.0 = Release|Any CPU
		{E3EE3BAC-B444-4798-877F-9D67470E3D61}.Debug|Any CPU.ActiveCfg = Debug|Any CPU
		{E3EE3BAC-B444-4798-877F-9D67470E3D61}.Debug|Any CPU.Build.0 = Debug|Any CPU
		{E3EE3BAC-B444-4798-877F-9D67470E3D61}.NugetDeploy|Any CPU.ActiveCfg = NugetDeploy|Any CPU
		{E3EE3BAC-B444-4798-877F-9D67470E3D61}.NugetDeploy|Any CPU.Build.0 = NugetDeploy|Any CPU
		{E3EE3BAC-B444-4798-877F-9D67470E3D61}.Release|Any CPU.ActiveCfg = Release|Any CPU
		{E3EE3BAC-B444-4798-877F-9D67470E3D61}.Release|Any CPU.Build.0 = Release|Any CPU
		{5CB06AB2-0287-47AF-BE50-155A6A351347}.Debug|Any CPU.ActiveCfg = Debug|Any CPU
		{5CB06AB2-0287-47AF-BE50-155A6A351347}.Debug|Any CPU.Build.0 = Debug|Any CPU
		{5CB06AB2-0287-47AF-BE50-155A6A351347}.NugetDeploy|Any CPU.ActiveCfg = NugetDeploy|Any CPU
		{5CB06AB2-0287-47AF-BE50-155A6A351347}.NugetDeploy|Any CPU.Build.0 = NugetDeploy|Any CPU
		{5CB06AB2-0287-47AF-BE50-155A6A351347}.Release|Any CPU.ActiveCfg = Release|Any CPU
		{5CB06AB2-0287-47AF-BE50-155A6A351347}.Release|Any CPU.Build.0 = Release|Any CPU
		{9CF2F5DD-97F9-490D-A0E7-701A41A9E06F}.Debug|Any CPU.ActiveCfg = Debug|Any CPU
		{9CF2F5DD-97F9-490D-A0E7-701A41A9E06F}.Debug|Any CPU.Build.0 = Debug|Any CPU
		{9CF2F5DD-97F9-490D-A0E7-701A41A9E06F}.NugetDeploy|Any CPU.ActiveCfg = NugetDeploy|Any CPU
		{9CF2F5DD-97F9-490D-A0E7-701A41A9E06F}.NugetDeploy|Any CPU.Build.0 = NugetDeploy|Any CPU
		{9CF2F5DD-97F9-490D-A0E7-701A41A9E06F}.Release|Any CPU.ActiveCfg = Release|Any CPU
		{9CF2F5DD-97F9-490D-A0E7-701A41A9E06F}.Release|Any CPU.Build.0 = Release|Any CPU
		{04DBE29E-0A3B-4007-AB69-031B8855E1D1}.Debug|Any CPU.ActiveCfg = Debug|Any CPU
		{04DBE29E-0A3B-4007-AB69-031B8855E1D1}.Debug|Any CPU.Build.0 = Debug|Any CPU
		{04DBE29E-0A3B-4007-AB69-031B8855E1D1}.NugetDeploy|Any CPU.ActiveCfg = NugetDeploy|Any CPU
		{04DBE29E-0A3B-4007-AB69-031B8855E1D1}.NugetDeploy|Any CPU.Build.0 = NugetDeploy|Any CPU
		{04DBE29E-0A3B-4007-AB69-031B8855E1D1}.Release|Any CPU.ActiveCfg = Release|Any CPU
		{04DBE29E-0A3B-4007-AB69-031B8855E1D1}.Release|Any CPU.Build.0 = Release|Any CPU
		{C4312EE9-6917-4A6C-869E-9F8BE26E8724}.Debug|Any CPU.ActiveCfg = Debug|Any CPU
		{C4312EE9-6917-4A6C-869E-9F8BE26E8724}.Debug|Any CPU.Build.0 = Debug|Any CPU
		{C4312EE9-6917-4A6C-869E-9F8BE26E8724}.NugetDeploy|Any CPU.ActiveCfg = NugetDeploy|Any CPU
		{C4312EE9-6917-4A6C-869E-9F8BE26E8724}.NugetDeploy|Any CPU.Build.0 = NugetDeploy|Any CPU
		{C4312EE9-6917-4A6C-869E-9F8BE26E8724}.Release|Any CPU.ActiveCfg = Release|Any CPU
		{C4312EE9-6917-4A6C-869E-9F8BE26E8724}.Release|Any CPU.Build.0 = Release|Any CPU
		{272587F0-BD2B-48E5-A63F-252CA280B14F}.Debug|Any CPU.ActiveCfg = Debug|Any CPU
		{272587F0-BD2B-48E5-A63F-252CA280B14F}.Debug|Any CPU.Build.0 = Debug|Any CPU
		{272587F0-BD2B-48E5-A63F-252CA280B14F}.NugetDeploy|Any CPU.ActiveCfg = NugetDeploy|Any CPU
		{272587F0-BD2B-48E5-A63F-252CA280B14F}.NugetDeploy|Any CPU.Build.0 = NugetDeploy|Any CPU
		{272587F0-BD2B-48E5-A63F-252CA280B14F}.Release|Any CPU.ActiveCfg = Release|Any CPU
		{272587F0-BD2B-48E5-A63F-252CA280B14F}.Release|Any CPU.Build.0 = Release|Any CPU
		{4F441674-8D10-434A-B0C7-E302FAB8A00D}.Debug|Any CPU.ActiveCfg = Debug|Any CPU
		{4F441674-8D10-434A-B0C7-E302FAB8A00D}.NugetDeploy|Any CPU.ActiveCfg = NugetDeploy|Any CPU
		{4F441674-8D10-434A-B0C7-E302FAB8A00D}.Release|Any CPU.ActiveCfg = Release|Any CPU
		{2CE9C4FD-3BA6-4D74-8918-226DB5EEF544}.Debug|Any CPU.ActiveCfg = Debug|Any CPU
		{2CE9C4FD-3BA6-4D74-8918-226DB5EEF544}.Debug|Any CPU.Build.0 = Debug|Any CPU
		{2CE9C4FD-3BA6-4D74-8918-226DB5EEF544}.NugetDeploy|Any CPU.ActiveCfg = Release|Any CPU
		{2CE9C4FD-3BA6-4D74-8918-226DB5EEF544}.NugetDeploy|Any CPU.Build.0 = Release|Any CPU
		{2CE9C4FD-3BA6-4D74-8918-226DB5EEF544}.Release|Any CPU.ActiveCfg = Release|Any CPU
		{2CE9C4FD-3BA6-4D74-8918-226DB5EEF544}.Release|Any CPU.Build.0 = Release|Any CPU
	EndGlobalSection
	GlobalSection(SolutionProperties) = preSolution
		HideSolutionNode = FALSE
	EndGlobalSection
EndGlobal
